// !$*UTF8*$!
{
	archiveVersion = 1;
	classes = {
	};
	objectVersion = 51;
	objects = {

/* Begin PBXBuildFile section */
		27E5EC8298E7D3B45E769138 /* Pods_ShareImageApp.framework in Frameworks */ = {isa = PBXBuildFile; fileRef = F8F7E3C15D6C21AABE750928 /* Pods_ShareImageApp.framework */; };
		5969B1CA26EE930E003DFC2E /* AppDelegate.swift in Sources */ = {isa = PBXBuildFile; fileRef = 5969B1C926EE930E003DFC2E /* AppDelegate.swift */; };
		5969B1CC26EE930E003DFC2E /* SceneDelegate.swift in Sources */ = {isa = PBXBuildFile; fileRef = 5969B1CB26EE930E003DFC2E /* SceneDelegate.swift */; };
		5969B1CE26EE930E003DFC2E /* ViewController.swift in Sources */ = {isa = PBXBuildFile; fileRef = 5969B1CD26EE930E003DFC2E /* ViewController.swift */; };
		5969B1D126EE930E003DFC2E /* Main.storyboard in Resources */ = {isa = PBXBuildFile; fileRef = 5969B1CF26EE930E003DFC2E /* Main.storyboard */; };
		5969B1D326EE9310003DFC2E /* Assets.xcassets in Resources */ = {isa = PBXBuildFile; fileRef = 5969B1D226EE9310003DFC2E /* Assets.xcassets */; };
		5969B1D626EE9310003DFC2E /* LaunchScreen.storyboard in Resources */ = {isa = PBXBuildFile; fileRef = 5969B1D426EE9310003DFC2E /* LaunchScreen.storyboard */; };
		5969B1DE26EE9384003DFC2E /* GoogleService-Info.plist in Resources */ = {isa = PBXBuildFile; fileRef = 5969B1DD26EE9384003DFC2E /* GoogleService-Info.plist */; };
		5983A84026F2691400357181 /* FeedViewCell.swift in Sources */ = {isa = PBXBuildFile; fileRef = 5983A83F26F2691300357181 /* FeedViewCell.swift */; };
		598FC7EE26F10B230058E66F /* FeedViewController.swift in Sources */ = {isa = PBXBuildFile; fileRef = 598FC7ED26F10B230058E66F /* FeedViewController.swift */; };
		598FC7F026F10B2F0058E66F /* UploadViewController.swift in Sources */ = {isa = PBXBuildFile; fileRef = 598FC7EF26F10B2F0058E66F /* UploadViewController.swift */; };
		598FC7F226F10B3A0058E66F /* SettingsViewController.swift in Sources */ = {isa = PBXBuildFile; fileRef = 598FC7F126F10B3A0058E66F /* SettingsViewController.swift */; };
/* End PBXBuildFile section */

/* Begin PBXFileReference section */
		38B0C8657BBC80C6B94598E0 /* Pods-ShareImageApp.release.xcconfig */ = {isa = PBXFileReference; includeInIndex = 1; lastKnownFileType = text.xcconfig; name = "Pods-ShareImageApp.release.xcconfig"; path = "Target Support Files/Pods-ShareImageApp/Pods-ShareImageApp.release.xcconfig"; sourceTree = "<group>"; };
		5969B1C626EE930E003DFC2E /* ShareImageApp.app */ = {isa = PBXFileReference; explicitFileType = wrapper.application; includeInIndex = 0; path = ShareImageApp.app; sourceTree = BUILT_PRODUCTS_DIR; };
		5969B1C926EE930E003DFC2E /* AppDelegate.swift */ = {isa = PBXFileReference; lastKnownFileType = sourcecode.swift; path = AppDelegate.swift; sourceTree = "<group>"; };
		5969B1CB26EE930E003DFC2E /* SceneDelegate.swift */ = {isa = PBXFileReference; lastKnownFileType = sourcecode.swift; path = SceneDelegate.swift; sourceTree = "<group>"; };
		5969B1CD26EE930E003DFC2E /* ViewController.swift */ = {isa = PBXFileReference; lastKnownFileType = sourcecode.swift; path = ViewController.swift; sourceTree = "<group>"; };
		5969B1D026EE930E003DFC2E /* Base */ = {isa = PBXFileReference; lastKnownFileType = file.storyboard; name = Base; path = Base.lproj/Main.storyboard; sourceTree = "<group>"; };
		5969B1D226EE9310003DFC2E /* Assets.xcassets */ = {isa = PBXFileReference; lastKnownFileType = folder.assetcatalog; path = Assets.xcassets; sourceTree = "<group>"; };
		5969B1D526EE9310003DFC2E /* Base */ = {isa = PBXFileReference; lastKnownFileType = file.storyboard; name = Base; path = Base.lproj/LaunchScreen.storyboard; sourceTree = "<group>"; };
		5969B1D726EE9310003DFC2E /* Info.plist */ = {isa = PBXFileReference; lastKnownFileType = text.plist.xml; path = Info.plist; sourceTree = "<group>"; };
		5969B1DD26EE9384003DFC2E /* GoogleService-Info.plist */ = {isa = PBXFileReference; fileEncoding = 4; lastKnownFileType = text.plist.xml; name = "GoogleService-Info.plist"; path = "../../../../Downloads/GoogleService-Info.plist"; sourceTree = "<group>"; };
		5983A83F26F2691300357181 /* FeedViewCell.swift */ = {isa = PBXFileReference; lastKnownFileType = sourcecode.swift; path = FeedViewCell.swift; sourceTree = "<group>"; };
		598FC7ED26F10B230058E66F /* FeedViewController.swift */ = {isa = PBXFileReference; lastKnownFileType = sourcecode.swift; path = FeedViewController.swift; sourceTree = "<group>"; };
		598FC7EF26F10B2F0058E66F /* UploadViewController.swift */ = {isa = PBXFileReference; lastKnownFileType = sourcecode.swift; path = UploadViewController.swift; sourceTree = "<group>"; };
		598FC7F126F10B3A0058E66F /* SettingsViewController.swift */ = {isa = PBXFileReference; lastKnownFileType = sourcecode.swift; path = SettingsViewController.swift; sourceTree = "<group>"; };
		DB4CB64E04042CE5992C1DAA /* Pods-ShareImageApp.debug.xcconfig */ = {isa = PBXFileReference; includeInIndex = 1; lastKnownFileType = text.xcconfig; name = "Pods-ShareImageApp.debug.xcconfig"; path = "Target Support Files/Pods-ShareImageApp/Pods-ShareImageApp.debug.xcconfig"; sourceTree = "<group>"; };
		F8F7E3C15D6C21AABE750928 /* Pods_ShareImageApp.framework */ = {isa = PBXFileReference; explicitFileType = wrapper.framework; includeInIndex = 0; path = Pods_ShareImageApp.framework; sourceTree = BUILT_PRODUCTS_DIR; };
/* End PBXFileReference section */

/* Begin PBXFrameworksBuildPhase section */
		5969B1C326EE930E003DFC2E /* Frameworks */ = {
			isa = PBXFrameworksBuildPhase;
			buildActionMask = 2147483647;
			files = (
				27E5EC8298E7D3B45E769138 /* Pods_ShareImageApp.framework in Frameworks */,
			);
			runOnlyForDeploymentPostprocessing = 0;
		};
/* End PBXFrameworksBuildPhase section */

/* Begin PBXGroup section */
		5969B1BD26EE930E003DFC2E = {
			isa = PBXGroup;
			children = (
				5969B1C826EE930E003DFC2E /* ShareImageApp */,
				5969B1C726EE930E003DFC2E /* Products */,
				69D5011290FF94C406B044CD /* Pods */,
				CA88837340E1A2103AC1E490 /* Frameworks */,
			);
			sourceTree = "<group>";
		};
		5969B1C726EE930E003DFC2E /* Products */ = {
			isa = PBXGroup;
			children = (
				5969B1C626EE930E003DFC2E /* ShareImageApp.app */,
			);
			name = Products;
			sourceTree = "<group>";
		};
		5969B1C826EE930E003DFC2E /* ShareImageApp */ = {
			isa = PBXGroup;
			children = (
				5969B1C926EE930E003DFC2E /* AppDelegate.swift */,
				5969B1CB26EE930E003DFC2E /* SceneDelegate.swift */,
				5969B1CD26EE930E003DFC2E /* ViewController.swift */,
				5969B1CF26EE930E003DFC2E /* Main.storyboard */,
				598FC7ED26F10B230058E66F /* FeedViewController.swift */,
				5983A83F26F2691300357181 /* FeedViewCell.swift */,
				598FC7EF26F10B2F0058E66F /* UploadViewController.swift */,
				598FC7F126F10B3A0058E66F /* SettingsViewController.swift */,
				5969B1D226EE9310003DFC2E /* Assets.xcassets */,
				5969B1D426EE9310003DFC2E /* LaunchScreen.storyboard */,
				5969B1D726EE9310003DFC2E /* Info.plist */,
				5969B1DD26EE9384003DFC2E /* GoogleService-Info.plist */,
			);
			path = ShareImageApp;
			sourceTree = "<group>";
		};
		69D5011290FF94C406B044CD /* Pods */ = {
			isa = PBXGroup;
			children = (
				DB4CB64E04042CE5992C1DAA /* Pods-ShareImageApp.debug.xcconfig */,
				38B0C8657BBC80C6B94598E0 /* Pods-ShareImageApp.release.xcconfig */,
			);
			path = Pods;
			sourceTree = "<group>";
		};
		CA88837340E1A2103AC1E490 /* Frameworks */ = {
			isa = PBXGroup;
			children = (
				F8F7E3C15D6C21AABE750928 /* Pods_ShareImageApp.framework */,
			);
			name = Frameworks;
			sourceTree = "<group>";
		};
/* End PBXGroup section */

/* Begin PBXNativeTarget section */
		5969B1C526EE930E003DFC2E /* ShareImageApp */ = {
			isa = PBXNativeTarget;
			buildConfigurationList = 5969B1DA26EE9310003DFC2E /* Build configuration list for PBXNativeTarget "ShareImageApp" */;
			buildPhases = (
				3C7173596F41FDD6B5610DED /* [CP] Check Pods Manifest.lock */,
				5969B1C226EE930E003DFC2E /* Sources */,
				5969B1C326EE930E003DFC2E /* Frameworks */,
				5969B1C426EE930E003DFC2E /* Resources */,
				50E413DA434167D1A7384EAF /* [CP] Embed Pods Frameworks */,
			);
			buildRules = (
			);
			dependencies = (
			);
			name = ShareImageApp;
			productName = ShareImageApp;
			productReference = 5969B1C626EE930E003DFC2E /* ShareImageApp.app */;
			productType = "com.apple.product-type.application";
		};
/* End PBXNativeTarget section */

/* Begin PBXProject section */
		5969B1BE26EE930E003DFC2E /* Project object */ = {
			isa = PBXProject;
			attributes = {
				LastSwiftUpdateCheck = 1250;
				LastUpgradeCheck = 1250;
				TargetAttributes = {
					5969B1C526EE930E003DFC2E = {
						CreatedOnToolsVersion = 12.5;
					};
				};
			};
			buildConfigurationList = 5969B1C126EE930E003DFC2E /* Build configuration list for PBXProject "ShareImageApp" */;
			compatibilityVersion = "Xcode 9.3";
			developmentRegion = en;
			hasScannedForEncodings = 0;
			knownRegions = (
				en,
				Base,
			);
			mainGroup = 5969B1BD26EE930E003DFC2E;
			productRefGroup = 5969B1C726EE930E003DFC2E /* Products */;
			projectDirPath = "";
			projectRoot = "";
			targets = (
				5969B1C526EE930E003DFC2E /* ShareImageApp */,
			);
		};
/* End PBXProject section */

/* Begin PBXResourcesBuildPhase section */
		5969B1C426EE930E003DFC2E /* Resources */ = {
			isa = PBXResourcesBuildPhase;
			buildActionMask = 2147483647;
			files = (
				5969B1D626EE9310003DFC2E /* LaunchScreen.storyboard in Resources */,
				5969B1DE26EE9384003DFC2E /* GoogleService-Info.plist in Resources */,
				5969B1D326EE9310003DFC2E /* Assets.xcassets in Resources */,
				5969B1D126EE930E003DFC2E /* Main.storyboard in Resources */,
			);
			runOnlyForDeploymentPostprocessing = 0;
		};
/* End PBXResourcesBuildPhase section */

/* Begin PBXShellScriptBuildPhase section */
		3C7173596F41FDD6B5610DED /* [CP] Check Pods Manifest.lock */ = {
			isa = PBXShellScriptBuildPhase;
			buildActionMask = 2147483647;
			files = (
			);
			inputFileListPaths = (
			);
			inputPaths = (
				"${PODS_PODFILE_DIR_PATH}/Podfile.lock",
				"${PODS_ROOT}/Manifest.lock",
			);
			name = "[CP] Check Pods Manifest.lock";
			outputFileListPaths = (
			);
			outputPaths = (
				"$(DERIVED_FILE_DIR)/Pods-ShareImageApp-checkManifestLockResult.txt",
			);
			runOnlyForDeploymentPostprocessing = 0;
			shellPath = /bin/sh;
			shellScript = "diff \"${PODS_PODFILE_DIR_PATH}/Podfile.lock\" \"${PODS_ROOT}/Manifest.lock\" > /dev/null\nif [ $? != 0 ] ; then\n    # print error to STDERR\n    echo \"error: The sandbox is not in sync with the Podfile.lock. Run 'pod install' or update your CocoaPods installation.\" >&2\n    exit 1\nfi\n# This output is used by Xcode 'outputs' to avoid re-running this script phase.\necho \"SUCCESS\" > \"${SCRIPT_OUTPUT_FILE_0}\"\n";
			showEnvVarsInLog = 0;
		};
		50E413DA434167D1A7384EAF /* [CP] Embed Pods Frameworks */ = {
			isa = PBXShellScriptBuildPhase;
			buildActionMask = 2147483647;
			files = (
			);
			inputFileListPaths = (
				"${PODS_ROOT}/Target Support Files/Pods-ShareImageApp/Pods-ShareImageApp-frameworks-${CONFIGURATION}-input-files.xcfilelist",
			);
			name = "[CP] Embed Pods Frameworks";
			outputFileListPaths = (
				"${PODS_ROOT}/Target Support Files/Pods-ShareImageApp/Pods-ShareImageApp-frameworks-${CONFIGURATION}-output-files.xcfilelist",
			);
			runOnlyForDeploymentPostprocessing = 0;
			shellPath = /bin/sh;
			shellScript = "\"${PODS_ROOT}/Target Support Files/Pods-ShareImageApp/Pods-ShareImageApp-frameworks.sh\"\n";
			showEnvVarsInLog = 0;
		};
/* End PBXShellScriptBuildPhase section */

/* Begin PBXSourcesBuildPhase section */
		5969B1C226EE930E003DFC2E /* Sources */ = {
			isa = PBXSourcesBuildPhase;
			buildActionMask = 2147483647;
			files = (
				5969B1CE26EE930E003DFC2E /* ViewController.swift in Sources */,
				598FC7F026F10B2F0058E66F /* UploadViewController.swift in Sources */,
				5969B1CA26EE930E003DFC2E /* AppDelegate.swift in Sources */,
				598FC7EE26F10B230058E66F /* FeedViewController.swift in Sources */,
				5969B1CC26EE930E003DFC2E /* SceneDelegate.swift in Sources */,
				5983A84026F2691400357181 /* FeedViewCell.swift in Sources */,
				598FC7F226F10B3A0058E66F /* SettingsViewController.swift in Sources */,
			);
			runOnlyForDeploymentPostprocessing = 0;
		};
/* End PBXSourcesBuildPhase section */

/* Begin PBXVariantGroup section */
		5969B1CF26EE930E003DFC2E /* Main.storyboard */ = {
			isa = PBXVariantGroup;
			children = (
				5969B1D026EE930E003DFC2E /* Base */,
			);
			name = Main.storyboard;
			sourceTree = "<group>";
		};
		5969B1D426EE9310003DFC2E /* LaunchScreen.storyboard */ = {
			isa = PBXVariantGroup;
			children = (
				5969B1D526EE9310003DFC2E /* Base */,
			);
			name = LaunchScreen.storyboard;
			sourceTree = "<group>";
		};
/* End PBXVariantGroup section */

/* Begin XCBuildConfiguration section */
		5969B1D826EE9310003DFC2E /* Debug */ = {
			isa = XCBuildConfiguration;
			buildSettings = {
				ALWAYS_SEARCH_USER_PATHS = NO;
				CLANG_ANALYZER_NONNULL = YES;
				CLANG_ANALYZER_NUMBER_OBJECT_CONVERSION = YES_AGGRESSIVE;
				CLANG_CXX_LANGUAGE_STANDARD = "gnu++14";
				CLANG_CXX_LIBRARY = "libc++";
				CLANG_ENABLE_MODULES = YES;
				CLANG_ENABLE_OBJC_ARC = YES;
				CLANG_ENABLE_OBJC_WEAK = YES;
				CLANG_WARN_BLOCK_CAPTURE_AUTORELEASING = YES;
				CLANG_WARN_BOOL_CONVERSION = YES;
				CLANG_WARN_COMMA = YES;
				CLANG_WARN_CONSTANT_CONVERSION = YES;
				CLANG_WARN_DEPRECATED_OBJC_IMPLEMENTATIONS = YES;
				CLANG_WARN_DIRECT_OBJC_ISA_USAGE = YES_ERROR;
				CLANG_WARN_DOCUMENTATION_COMMENTS = YES;
				CLANG_WARN_EMPTY_BODY = YES;
				CLANG_WARN_ENUM_CONVERSION = YES;
				CLANG_WARN_INFINITE_RECURSION = YES;
				CLANG_WARN_INT_CONVERSION = YES;
				CLANG_WARN_NON_LITERAL_NULL_CONVERSION = YES;
				CLANG_WARN_OBJC_IMPLICIT_RETAIN_SELF = YES;
				CLANG_WARN_OBJC_LITERAL_CONVERSION = YES;
				CLANG_WARN_OBJC_ROOT_CLASS = YES_ERROR;
				CLANG_WARN_QUOTED_INCLUDE_IN_FRAMEWORK_HEADER = YES;
				CLANG_WARN_RANGE_LOOP_ANALYSIS = YES;
				CLANG_WARN_STRICT_PROTOTYPES = YES;
				CLANG_WARN_SUSPICIOUS_MOVE = YES;
				CLANG_WARN_UNGUARDED_AVAILABILITY = YES_AGGRESSIVE;
				CLANG_WARN_UNREACHABLE_CODE = YES;
				CLANG_WARN__DUPLICATE_METHOD_MATCH = YES;
				COPY_PHASE_STRIP = NO;
				DEBUG_INFORMATION_FORMAT = dwarf;
				ENABLE_STRICT_OBJC_MSGSEND = YES;
				ENABLE_TESTABILITY = YES;
				GCC_C_LANGUAGE_STANDARD = gnu11;
				GCC_DYNAMIC_NO_PIC = NO;
				GCC_NO_COMMON_BLOCKS = YES;
				GCC_OPTIMIZATION_LEVEL = 0;
				GCC_PREPROCESSOR_DEFINITIONS = (
					"DEBUG=1",
					"$(inherited)",
				);
				GCC_WARN_64_TO_32_BIT_CONVERSION = YES;
				GCC_WARN_ABOUT_RETURN_TYPE = YES_ERROR;
				GCC_WARN_UNDECLARED_SELECTOR = YES;
				GCC_WARN_UNINITIALIZED_AUTOS = YES_AGGRESSIVE;
				GCC_WARN_UNUSED_FUNCTION = YES;
				GCC_WARN_UNUSED_VARIABLE = YES;
				IPHONEOS_DEPLOYMENT_TARGET = 14.5;
				MTL_ENABLE_DEBUG_INFO = INCLUDE_SOURCE;
				MTL_FAST_MATH = YES;
				ONLY_ACTIVE_ARCH = YES;
				SDKROOT = iphoneos;
				SWIFT_ACTIVE_COMPILATION_CONDITIONS = DEBUG;
				SWIFT_OPTIMIZATION_LEVEL = "-Onone";
			};
			name = Debug;
		};
		5969B1D926EE9310003DFC2E /* Release */ = {
			isa = XCBuildConfiguration;
			buildSettings = {
				ALWAYS_SEARCH_USER_PATHS = NO;
				CLANG_ANALYZER_NONNULL = YES;
				CLANG_ANALYZER_NUMBER_OBJECT_CONVERSION = YES_AGGRESSIVE;
				CLANG_CXX_LANGUAGE_STANDARD = "gnu++14";
				CLANG_CXX_LIBRARY = "libc++";
				CLANG_ENABLE_MODULES = YES;
				CLANG_ENABLE_OBJC_ARC = YES;
				CLANG_ENABLE_OBJC_WEAK = YES;
				CLANG_WARN_BLOCK_CAPTURE_AUTORELEASING = YES;
				CLANG_WARN_BOOL_CONVERSION = YES;
				CLANG_WARN_COMMA = YES;
				CLANG_WARN_CONSTANT_CONVERSION = YES;
				CLANG_WARN_DEPRECATED_OBJC_IMPLEMENTATIONS = YES;
				CLANG_WARN_DIRECT_OBJC_ISA_USAGE = YES_ERROR;
				CLANG_WARN_DOCUMENTATION_COMMENTS = YES;
				CLANG_WARN_EMPTY_BODY = YES;
				CLANG_WARN_ENUM_CONVERSION = YES;
				CLANG_WARN_INFINITE_RECURSION = YES;
				CLANG_WARN_INT_CONVERSION = YES;
				CLANG_WARN_NON_LITERAL_NULL_CONVERSION = YES;
				CLANG_WARN_OBJC_IMPLICIT_RETAIN_SELF = YES;
				CLANG_WARN_OBJC_LITERAL_CONVERSION = YES;
				CLANG_WARN_OBJC_ROOT_CLASS = YES_ERROR;
				CLANG_WARN_QUOTED_INCLUDE_IN_FRAMEWORK_HEADER = YES;
				CLANG_WARN_RANGE_LOOP_ANALYSIS = YES;
				CLANG_WARN_STRICT_PROTOTYPES = YES;
				CLANG_WARN_SUSPICIOUS_MOVE = YES;
				CLANG_WARN_UNGUARDED_AVAILABILITY = YES_AGGRESSIVE;
				CLANG_WARN_UNREACHABLE_CODE = YES;
				CLANG_WARN__DUPLICATE_METHOD_MATCH = YES;
				COPY_PHASE_STRIP = NO;
				DEBUG_INFORMATION_FORMAT = "dwarf-with-dsym";
				ENABLE_NS_ASSERTIONS = NO;
				ENABLE_STRICT_OBJC_MSGSEND = YES;
				GCC_C_LANGUAGE_STANDARD = gnu11;
				GCC_NO_COMMON_BLOCKS = YES;
				GCC_WARN_64_TO_32_BIT_CONVERSION = YES;
				GCC_WARN_ABOUT_RETURN_TYPE = YES_ERROR;
				GCC_WARN_UNDECLARED_SELECTOR = YES;
				GCC_WARN_UNINITIALIZED_AUTOS = YES_AGGRESSIVE;
				GCC_WARN_UNUSED_FUNCTION = YES;
				GCC_WARN_UNUSED_VARIABLE = YES;
				IPHONEOS_DEPLOYMENT_TARGET = 14.5;
				MTL_ENABLE_DEBUG_INFO = NO;
				MTL_FAST_MATH = YES;
				SDKROOT = iphoneos;
				SWIFT_COMPILATION_MODE = wholemodule;
				SWIFT_OPTIMIZATION_LEVEL = "-O";
				VALIDATE_PRODUCT = YES;
			};
			name = Release;
		};
		5969B1DB26EE9310003DFC2E /* Debug */ = {
			isa = XCBuildConfiguration;
			baseConfigurationReference = DB4CB64E04042CE5992C1DAA /* Pods-ShareImageApp.debug.xcconfig */;
			buildSettings = {
				ASSETCATALOG_COMPILER_APPICON_NAME = AppIcon;
				ASSETCATALOG_COMPILER_GLOBAL_ACCENT_COLOR_NAME = AccentColor;
				CODE_SIGN_STYLE = Automatic;
				DEVELOPMENT_TEAM = 29LJW588CN;
				INFOPLIST_FILE = ShareImageApp/Info.plist;
				LD_RUNPATH_SEARCH_PATHS = (
					"$(inherited)",
					"@executable_path/Frameworks",
				);
				PRODUCT_BUNDLE_IDENTIFIER = com.muhammed.ShareImageApp;
				PRODUCT_NAME = "$(TARGET_NAME)";
				SWIFT_VERSION = 5.0;
				TARGETED_DEVICE_FAMILY = "1,2";
			};
			name = Debug;
		};
		5969B1DC26EE9310003DFC2E /* Release */ = {
			isa = XCBuildConfiguration;
			baseConfigurationReference = 38B0C8657BBC80C6B94598E0 /* Pods-ShareImageApp.release.xcconfig */;
			buildSettings = {
				ASSETCATALOG_COMPILER_APPICON_NAME = AppIcon;
				ASSETCATALOG_COMPILER_GLOBAL_ACCENT_COLOR_NAME = AccentColor;
				CODE_SIGN_STYLE = Automatic;
				DEVELOPMENT_TEAM = 29LJW588CN;
				INFOPLIST_FILE = ShareImageApp/Info.plist;
				LD_RUNPATH_SEARCH_PATHS = (
					"$(inherited)",
					"@executable_path/Frameworks",
				);
				PRODUCT_BUNDLE_IDENTIFIER = com.muhammed.ShareImageApp;
				PRODUCT_NAME = "$(TARGET_NAME)";
				SWIFT_VERSION = 5.0;
				TARGETED_DEVICE_FAMILY = "1,2";
			};
			name = Release;
		};
/* End XCBuildConfiguration section */

/* Begin XCConfigurationList section */
		5969B1C126EE930E003DFC2E /* Build configuration list for PBXProject "ShareImageApp" */ = {
			isa = XCConfigurationList;
			buildConfigurations = (
				5969B1D826EE9310003DFC2E /* Debug */,
				5969B1D926EE9310003DFC2E /* Release */,
			);
			defaultConfigurationIsVisible = 0;
			defaultConfigurationName = Release;
		};
		5969B1DA26EE9310003DFC2E /* Build configuration list for PBXNativeTarget "ShareImageApp" */ = {
			isa = XCConfigurationList;
			buildConfigurations = (
				5969B1DB26EE9310003DFC2E /* Debug */,
				5969B1DC26EE9310003DFC2E /* Release */,
			);
			defaultConfigurationIsVisible = 0;
			defaultConfigurationName = Release;
		};
/* End XCConfigurationList section */
	};
	rootObject = 5969B1BE26EE930E003DFC2E /* Project object */;
}
